
Microsoft Visual Studio Solution File, Format Version 12.00
# Visual Studio Version 16
VisualStudioVersion = 16.0.29102.190
MinimumVisualStudioVersion = 10.0.40219.1
Project("{FAE04EC0-301F-11D3-BF4B-00C04F79EFBC}") = "fix", "fix\fix.csproj", "{5BE04EF0-316A-433B-AD02-98B75B2EB9CB}"
EndProject
Global
	GlobalSection(SolutionConfigurationPlatforms) = preSolution
		Debug|Any CPU = Debug|Any CPU
		Release|Any CPU = Release|Any CPU
	EndGlobalSection
	GlobalSection(ProjectConfigurationPlatforms) = postSolution
		{5BE04EF0-316A-433B-AD02-98B75B2EB9CB}.Debug|Any CPU.ActiveCfg = Debug|Any CPU
		{5BE04EF0-316A-433B-AD02-98B75B2EB9CB}.Debug|Any CPU.Build.0 = Debug|Any CPU
		{5BE04EF0-316A-433B-AD02-98B75B2EB9CB}.Release|Any CPU.ActiveCfg = Release|Any CPU
		{5BE04EF0-316A-433B-AD02-98B75B2EB9CB}.Release|Any CPU.Build.0 = Release|Any CPU
	EndGlobalSection
	GlobalSection(SolutionProperties) = preSolution
		HideSolutionNode = FALSE
	EndGlobalSection
	GlobalSection(ExtensibilityGlobals) = postSolution
		SolutionGuid = {001833F3-D439-4B10-8085-03E36F5BBA99}
	EndGlobalSection
EndGlobal
